// !$*UTF8*$!
{
	archiveVersion = 1;
	classes = {
	};
	objectVersion = 55;
	objects = {

/* Begin PBXBuildFile section */
		021B55592825AE6300038E47 /* CircleImage.swift in Sources */ = {isa = PBXBuildFile; fileRef = 021B55582825AE6300038E47 /* CircleImage.swift */; };
		021B555D2826634100038E47 /* MapView.swift in Sources */ = {isa = PBXBuildFile; fileRef = 021B555C2826634100038E47 /* MapView.swift */; };
		02AE43A728251172000C3B5B /* LandmarksApp.swift in Sources */ = {isa = PBXBuildFile; fileRef = 02AE43A628251172000C3B5B /* LandmarksApp.swift */; };
		02AE43A928251172000C3B5B /* ContentView.swift in Sources */ = {isa = PBXBuildFile; fileRef = 02AE43A828251172000C3B5B /* ContentView.swift */; };
		02AE43AB28251174000C3B5B /* Assets.xcassets in Resources */ = {isa = PBXBuildFile; fileRef = 02AE43AA28251174000C3B5B /* Assets.xcassets */; };
		02AE43AE28251174000C3B5B /* Preview Assets.xcassets in Resources */ = {isa = PBXBuildFile; fileRef = 02AE43AD28251174000C3B5B /* Preview Assets.xcassets */; };
		02D2F5042829AF3C00203148 /* landmarkData.json in Resources */ = {isa = PBXBuildFile; fileRef = 02D2F5032829AF3C00203148 /* landmarkData.json */; };
		02D2F5062829AF7E00203148 /* Landmark.swift in Sources */ = {isa = PBXBuildFile; fileRef = 02D2F5052829AF7E00203148 /* Landmark.swift */; };
		02D2F5082829BDF900203148 /* ModelData.swift in Sources */ = {isa = PBXBuildFile; fileRef = 02D2F5072829BDF900203148 /* ModelData.swift */; };
		02D2F50D282A814800203148 /* LandmarkRow.swift in Sources */ = {isa = PBXBuildFile; fileRef = 02D2F50C282A814800203148 /* LandmarkRow.swift */; };
		02EB1BF8282A8E9C00AE9D3D /* LandmarkList.swift in Sources */ = {isa = PBXBuildFile; fileRef = 02EB1BF7282A8E9C00AE9D3D /* LandmarkList.swift */; };
		02EB1BFA282AA55B00AE9D3D /* LandmarkDetail.swift in Sources */ = {isa = PBXBuildFile; fileRef = 02EB1BF9282AA55B00AE9D3D /* LandmarkDetail.swift */; };
		02EB1BFC282AF90900AE9D3D /* FavoriteButton.swift in Sources */ = {isa = PBXBuildFile; fileRef = 02EB1BFB282AF90900AE9D3D /* FavoriteButton.swift */; };
/* End PBXBuildFile section */

/* Begin PBXFileReference section */
		021B55582825AE6300038E47 /* CircleImage.swift */ = {isa = PBXFileReference; lastKnownFileType = sourcecode.swift; path = CircleImage.swift; sourceTree = "<group>"; };
		021B555C2826634100038E47 /* MapView.swift */ = {isa = PBXFileReference; lastKnownFileType = sourcecode.swift; path = MapView.swift; sourceTree = "<group>"; };
		02AE43A328251172000C3B5B /* Landmarks.app */ = {isa = PBXFileReference; explicitFileType = wrapper.application; includeInIndex = 0; path = Landmarks.app; sourceTree = BUILT_PRODUCTS_DIR; };
		02AE43A628251172000C3B5B /* LandmarksApp.swift */ = {isa = PBXFileReference; lastKnownFileType = sourcecode.swift; path = LandmarksApp.swift; sourceTree = "<group>"; };
		02AE43A828251172000C3B5B /* ContentView.swift */ = {isa = PBXFileReference; lastKnownFileType = sourcecode.swift; path = ContentView.swift; sourceTree = "<group>"; };
		02AE43AA28251174000C3B5B /* Assets.xcassets */ = {isa = PBXFileReference; lastKnownFileType = folder.assetcatalog; path = Assets.xcassets; sourceTree = "<group>"; };
		02AE43AD28251174000C3B5B /* Preview Assets.xcassets */ = {isa = PBXFileReference; lastKnownFileType = folder.assetcatalog; path = "Preview Assets.xcassets"; sourceTree = "<group>"; };
		02D2F5032829AF3C00203148 /* landmarkData.json */ = {isa = PBXFileReference; fileEncoding = 4; lastKnownFileType = text.json; path = landmarkData.json; sourceTree = "<group>"; };
		02D2F5052829AF7E00203148 /* Landmark.swift */ = {isa = PBXFileReference; lastKnownFileType = sourcecode.swift; path = Landmark.swift; sourceTree = "<group>"; };
		02D2F5072829BDF900203148 /* ModelData.swift */ = {isa = PBXFileReference; lastKnownFileType = sourcecode.swift; path = ModelData.swift; sourceTree = "<group>"; };
		02D2F50C282A814800203148 /* LandmarkRow.swift */ = {isa = PBXFileReference; lastKnownFileType = sourcecode.swift; path = LandmarkRow.swift; sourceTree = "<group>"; };
		02EB1BF7282A8E9C00AE9D3D /* LandmarkList.swift */ = {isa = PBXFileReference; lastKnownFileType = sourcecode.swift; path = LandmarkList.swift; sourceTree = "<group>"; };
		02EB1BF9282AA55B00AE9D3D /* LandmarkDetail.swift */ = {isa = PBXFileReference; lastKnownFileType = sourcecode.swift; path = LandmarkDetail.swift; sourceTree = "<group>"; };
		02EB1BFB282AF90900AE9D3D /* FavoriteButton.swift */ = {isa = PBXFileReference; lastKnownFileType = sourcecode.swift; path = FavoriteButton.swift; sourceTree = "<group>"; };
/* End PBXFileReference section */

/* Begin PBXFrameworksBuildPhase section */
		02AE43A028251172000C3B5B /* Frameworks */ = {
			isa = PBXFrameworksBuildPhase;
			buildActionMask = 2147483647;
			files = (
			);
			runOnlyForDeploymentPostprocessing = 0;
		};
/* End PBXFrameworksBuildPhase section */

/* Begin PBXGroup section */
		02AE439A28251172000C3B5B = {
			isa = PBXGroup;
			children = (
				02AE43A528251172000C3B5B /* Landmarks */,
				02AE43A428251172000C3B5B /* Products */,
			);
			sourceTree = "<group>";
		};
		02AE43A428251172000C3B5B /* Products */ = {
			isa = PBXGroup;
			children = (
				02AE43A328251172000C3B5B /* Landmarks.app */,
			);
			name = Products;
			sourceTree = "<group>";
		};
		02AE43A528251172000C3B5B /* Landmarks */ = {
			isa = PBXGroup;
			children = (
				02AE43A628251172000C3B5B /* LandmarksApp.swift */,
				02D2F509282A6EF600203148 /* Views */,
				02AE43AA28251174000C3B5B /* Assets.xcassets */,
				02D2F50B282A6F2100203148 /* Resources */,
				02D2F50A282A6F0C00203148 /* Model */,
				02AE43AC28251174000C3B5B /* Preview Content */,
			);
			path = Landmarks;
			sourceTree = "<group>";
		};
		02AE43AC28251174000C3B5B /* Preview Content */ = {
			isa = PBXGroup;
			children = (
				02AE43AD28251174000C3B5B /* Preview Assets.xcassets */,
			);
			path = "Preview Content";
			sourceTree = "<group>";
		};
		02D2F509282A6EF600203148 /* Views */ = {
			isa = PBXGroup;
			children = (
				02AE43A828251172000C3B5B /* ContentView.swift */,
				02EB1BFD282AFB3500AE9D3D /* Helpers */,
				02EB1BFE282AFB7100AE9D3D /* Landmarks */,
			);
			path = Views;
			sourceTree = "<group>";
		};
		02D2F50A282A6F0C00203148 /* Model */ = {
			isa = PBXGroup;
			children = (
				02D2F5052829AF7E00203148 /* Landmark.swift */,
				02D2F5072829BDF900203148 /* ModelData.swift */,
			);
			path = Model;
			sourceTree = "<group>";
		};
		02D2F50B282A6F2100203148 /* Resources */ = {
			isa = PBXGroup;
			children = (
				02D2F5032829AF3C00203148 /* landmarkData.json */,
			);
			path = Resources;
			sourceTree = "<group>";
		};
		02EB1BFD282AFB3500AE9D3D /* Helpers */ = {
			isa = PBXGroup;
			children = (
				021B55582825AE6300038E47 /* CircleImage.swift */,
				021B555C2826634100038E47 /* MapView.swift */,
				02EB1BFB282AF90900AE9D3D /* FavoriteButton.swift */,
			);
			path = Helpers;
			sourceTree = "<group>";
		};
		02EB1BFE282AFB7100AE9D3D /* Landmarks */ = {
			isa = PBXGroup;
			children = (
				02D2F50C282A814800203148 /* LandmarkRow.swift */,
				02EB1BF7282A8E9C00AE9D3D /* LandmarkList.swift */,
				02EB1BF9282AA55B00AE9D3D /* LandmarkDetail.swift */,
			);
			path = Landmarks;
			sourceTree = "<group>";
		};
/* End PBXGroup section */

/* Begin PBXNativeTarget section */
		02AE43A228251172000C3B5B /* Landmarks */ = {
			isa = PBXNativeTarget;
			buildConfigurationList = 02AE43B128251174000C3B5B /* Build configuration list for PBXNativeTarget "Landmarks" */;
			buildPhases = (
				02AE439F28251172000C3B5B /* Sources */,
				02AE43A028251172000C3B5B /* Frameworks */,
				02AE43A128251172000C3B5B /* Resources */,
			);
			buildRules = (
			);
			dependencies = (
			);
			name = Landmarks;
			productName = Landmarks;
			productReference = 02AE43A328251172000C3B5B /* Landmarks.app */;
			productType = "com.apple.product-type.application";
		};
/* End PBXNativeTarget section */

/* Begin PBXProject section */
		02AE439B28251172000C3B5B /* Project object */ = {
			isa = PBXProject;
			attributes = {
				BuildIndependentTargetsInParallel = 1;
				LastSwiftUpdateCheck = 1330;
				LastUpgradeCheck = 1330;
				TargetAttributes = {
					02AE43A228251172000C3B5B = {
						CreatedOnToolsVersion = 13.3;
					};
				};
			};
			buildConfigurationList = 02AE439E28251172000C3B5B /* Build configuration list for PBXProject "Landmarks" */;
			compatibilityVersion = "Xcode 13.0";
			developmentRegion = en;
			hasScannedForEncodings = 0;
			knownRegions = (
				en,
				Base,
			);
			mainGroup = 02AE439A28251172000C3B5B;
			productRefGroup = 02AE43A428251172000C3B5B /* Products */;
			projectDirPath = "";
			projectRoot = "";
			targets = (
				02AE43A228251172000C3B5B /* Landmarks */,
			);
		};
/* End PBXProject section */

/* Begin PBXResourcesBuildPhase section */
		02AE43A128251172000C3B5B /* Resources */ = {
			isa = PBXResourcesBuildPhase;
			buildActionMask = 2147483647;
			files = (
				02AE43AE28251174000C3B5B /* Preview Assets.xcassets in Resources */,
				02AE43AB28251174000C3B5B /* Assets.xcassets in Resources */,
				02D2F5042829AF3C00203148 /* landmarkData.json in Resources */,
			);
			runOnlyForDeploymentPostprocessing = 0;
		};
/* End PBXResourcesBuildPhase section */

/* Begin PBXSourcesBuildPhase section */
		02AE439F28251172000C3B5B /* Sources */ = {
			isa = PBXSourcesBuildPhase;
			buildActionMask = 2147483647;
			files = (
				02AE43A928251172000C3B5B /* ContentView.swift in Sources */,
				021B555D2826634100038E47 /* MapView.swift in Sources */,
				02AE43A728251172000C3B5B /* LandmarksApp.swift in Sources */,
				02EB1BFC282AF90900AE9D3D /* FavoriteButton.swift in Sources */,
				02EB1BF8282A8E9C00AE9D3D /* LandmarkList.swift in Sources */,
				02EB1BFA282AA55B00AE9D3D /* LandmarkDetail.swift in Sources */,
				021B55592825AE6300038E47 /* CircleImage.swift in Sources */,
				02D2F5062829AF7E00203148 /* Landmark.swift in Sources */,
				02D2F50D282A814800203148 /* LandmarkRow.swift in Sources */,
				02D2F5082829BDF900203148 /* ModelData.swift in Sources */,
			);
			runOnlyForDeploymentPostprocessing = 0;
		};
/* End PBXSourcesBuildPhase section */

/* Begin XCBuildConfiguration section */
		02AE43AF28251174000C3B5B /* Debug */ = {
			isa = XCBuildConfiguration;
			buildSettings = {
				ALWAYS_SEARCH_USER_PATHS = NO;
				CLANG_ANALYZER_NONNULL = YES;
				CLANG_ANALYZER_NUMBER_OBJECT_CONVERSION = YES_AGGRESSIVE;
				CLANG_CXX_LANGUAGE_STANDARD = "gnu++17";
				CLANG_ENABLE_MODULES = YES;
				CLANG_ENABLE_OBJC_ARC = YES;
				CLANG_ENABLE_OBJC_WEAK = YES;
				CLANG_WARN_BLOCK_CAPTURE_AUTORELEASING = YES;
				CLANG_WARN_BOOL_CONVERSION = YES;
				CLANG_WARN_COMMA = YES;
				CLANG_WARN_CONSTANT_CONVERSION = YES;
				CLANG_WARN_DEPRECATED_OBJC_IMPLEMENTATIONS = YES;
				CLANG_WARN_DIRECT_OBJC_ISA_USAGE = YES_ERROR;
				CLANG_WARN_DOCUMENTATION_COMMENTS = YES;
				CLANG_WARN_EMPTY_BODY = YES;
				CLANG_WARN_ENUM_CONVERSION = YES;
				CLANG_WARN_INFINITE_RECURSION = YES;
				CLANG_WARN_INT_CONVERSION = YES;
				CLANG_WARN_NON_LITERAL_NULL_CONVERSION = YES;
				CLANG_WARN_OBJC_IMPLICIT_RETAIN_SELF = YES;
				CLANG_WARN_OBJC_LITERAL_CONVERSION = YES;
				CLANG_WARN_OBJC_ROOT_CLASS = YES_ERROR;
				CLANG_WARN_QUOTED_INCLUDE_IN_FRAMEWORK_HEADER = YES;
				CLANG_WARN_RANGE_LOOP_ANALYSIS = YES;
				CLANG_WARN_STRICT_PROTOTYPES = YES;
				CLANG_WARN_SUSPICIOUS_MOVE = YES;
				CLANG_WARN_UNGUARDED_AVAILABILITY = YES_AGGRESSIVE;
				CLANG_WARN_UNREACHABLE_CODE = YES;
				CLANG_WARN__DUPLICATE_METHOD_MATCH = YES;
				COPY_PHASE_STRIP = NO;
				DEBUG_INFORMATION_FORMAT = dwarf;
				ENABLE_STRICT_OBJC_MSGSEND = YES;
				ENABLE_TESTABILITY = YES;
				GCC_C_LANGUAGE_STANDARD = gnu11;
				GCC_DYNAMIC_NO_PIC = NO;
				GCC_NO_COMMON_BLOCKS = YES;
				GCC_OPTIMIZATION_LEVEL = 0;
				GCC_PREPROCESSOR_DEFINITIONS = (
					"DEBUG=1",
					"$(inherited)",
				);
				GCC_WARN_64_TO_32_BIT_CONVERSION = YES;
				GCC_WARN_ABOUT_RETURN_TYPE = YES_ERROR;
				GCC_WARN_UNDECLARED_SELECTOR = YES;
				GCC_WARN_UNINITIALIZED_AUTOS = YES_AGGRESSIVE;
				GCC_WARN_UNUSED_FUNCTION = YES;
				GCC_WARN_UNUSED_VARIABLE = YES;
				IPHONEOS_DEPLOYMENT_TARGET = 15.4;
				MTL_ENABLE_DEBUG_INFO = INCLUDE_SOURCE;
				MTL_FAST_MATH = YES;
				ONLY_ACTIVE_ARCH = YES;
				SDKROOT = iphoneos;
				SWIFT_ACTIVE_COMPILATION_CONDITIONS = DEBUG;
				SWIFT_OPTIMIZATION_LEVEL = "-Onone";
			};
			name = Debug;
		};
		02AE43B028251174000C3B5B /* Release */ = {
			isa = XCBuildConfiguration;
			buildSettings = {
				ALWAYS_SEARCH_USER_PATHS = NO;
				CLANG_ANALYZER_NONNULL = YES;
				CLANG_ANALYZER_NUMBER_OBJECT_CONVERSION = YES_AGGRESSIVE;
				CLANG_CXX_LANGUAGE_STANDARD = "gnu++17";
				CLANG_ENABLE_MODULES = YES;
				CLANG_ENABLE_OBJC_ARC = YES;
				CLANG_ENABLE_OBJC_WEAK = YES;
				CLANG_WARN_BLOCK_CAPTURE_AUTORELEASING = YES;
				CLANG_WARN_BOOL_CONVERSION = YES;
				CLANG_WARN_COMMA = YES;
				CLANG_WARN_CONSTANT_CONVERSION = YES;
				CLANG_WARN_DEPRECATED_OBJC_IMPLEMENTATIONS = YES;
				CLANG_WARN_DIRECT_OBJC_ISA_USAGE = YES_ERROR;
				CLANG_WARN_DOCUMENTATION_COMMENTS = YES;
				CLANG_WARN_EMPTY_BODY = YES;
				CLANG_WARN_ENUM_CONVERSION = YES;
				CLANG_WARN_INFINITE_RECURSION = YES;
				CLANG_WARN_INT_CONVERSION = YES;
				CLANG_WARN_NON_LITERAL_NULL_CONVERSION = YES;
				CLANG_WARN_OBJC_IMPLICIT_RETAIN_SELF = YES;
				CLANG_WARN_OBJC_LITERAL_CONVERSION = YES;
				CLANG_WARN_OBJC_ROOT_CLASS = YES_ERROR;
				CLANG_WARN_QUOTED_INCLUDE_IN_FRAMEWORK_HEADER = YES;
				CLANG_WARN_RANGE_LOOP_ANALYSIS = YES;
				CLANG_WARN_STRICT_PROTOTYPES = YES;
				CLANG_WARN_SUSPICIOUS_MOVE = YES;
				CLANG_WARN_UNGUARDED_AVAILABILITY = YES_AGGRESSIVE;
				CLANG_WARN_UNREACHABLE_CODE = YES;
				CLANG_WARN__DUPLICATE_METHOD_MATCH = YES;
				COPY_PHASE_STRIP = NO;
				DEBUG_INFORMATION_FORMAT = "dwarf-with-dsym";
				ENABLE_NS_ASSERTIONS = NO;
				ENABLE_STRICT_OBJC_MSGSEND = YES;
				GCC_C_LANGUAGE_STANDARD = gnu11;
				GCC_NO_COMMON_BLOCKS = YES;
				GCC_WARN_64_TO_32_BIT_CONVERSION = YES;
				GCC_WARN_ABOUT_RETURN_TYPE = YES_ERROR;
				GCC_WARN_UNDECLARED_SELECTOR = YES;
				GCC_WARN_UNINITIALIZED_AUTOS = YES_AGGRESSIVE;
				GCC_WARN_UNUSED_FUNCTION = YES;
				GCC_WARN_UNUSED_VARIABLE = YES;
				IPHONEOS_DEPLOYMENT_TARGET = 15.4;
				MTL_ENABLE_DEBUG_INFO = NO;
				MTL_FAST_MATH = YES;
				SDKROOT = iphoneos;
				SWIFT_COMPILATION_MODE = wholemodule;
				SWIFT_OPTIMIZATION_LEVEL = "-O";
				VALIDATE_PRODUCT = YES;
			};
			name = Release;
		};
		02AE43B228251174000C3B5B /* Debug */ = {
			isa = XCBuildConfiguration;
			buildSettings = {
				ASSETCATALOG_COMPILER_APPICON_NAME = AppIcon;
				ASSETCATALOG_COMPILER_GLOBAL_ACCENT_COLOR_NAME = AccentColor;
				CODE_SIGN_STYLE = Automatic;
				CURRENT_PROJECT_VERSION = 1;
				DEVELOPMENT_ASSET_PATHS = "\"Landmarks/Preview Content\"";
				DEVELOPMENT_TEAM = 48SFJ53X29;
				ENABLE_PREVIEWS = YES;
				GENERATE_INFOPLIST_FILE = YES;
				INFOPLIST_KEY_UIApplicationSceneManifest_Generation = YES;
				INFOPLIST_KEY_UIApplicationSupportsIndirectInputEvents = YES;
				INFOPLIST_KEY_UILaunchScreen_Generation = YES;
				INFOPLIST_KEY_UISupportedInterfaceOrientations_iPad = "UIInterfaceOrientationPortrait UIInterfaceOrientationPortraitUpsideDown UIInterfaceOrientationLandscapeLeft UIInterfaceOrientationLandscapeRight";
				INFOPLIST_KEY_UISupportedInterfaceOrientations_iPhone = "UIInterfaceOrientationPortrait UIInterfaceOrientationLandscapeLeft UIInterfaceOrientationLandscapeRight";
				LD_RUNPATH_SEARCH_PATHS = (
					"$(inherited)",
					"@executable_path/Frameworks",
				);
				MARKETING_VERSION = 1.0;
				PRODUCT_BUNDLE_IDENTIFIER = com.worldpay.Landmarks;
				PRODUCT_NAME = "$(TARGET_NAME)";
				SWIFT_EMIT_LOC_STRINGS = YES;
				SWIFT_VERSION = 5.0;
				TARGETED_DEVICE_FAMILY = "1,2";
			};
			name = Debug;
		};
		02AE43B328251174000C3B5B /* Release */ = {
			isa = XCBuildConfiguration;
			buildSettings = {
				ASSETCATALOG_COMPILER_APPICON_NAME = AppIcon;
				ASSETCATALOG_COMPILER_GLOBAL_ACCENT_COLOR_NAME = AccentColor;
				CODE_SIGN_STYLE = Automatic;
				CURRENT_PROJECT_VERSION = 1;
				DEVELOPMENT_ASSET_PATHS = "\"Landmarks/Preview Content\"";
				DEVELOPMENT_TEAM = 48SFJ53X29;
				ENABLE_PREVIEWS = YES;
				GENERATE_INFOPLIST_FILE = YES;
				INFOPLIST_KEY_UIApplicationSceneManifest_Generation = YES;
				INFOPLIST_KEY_UIApplicationSupportsIndirectInputEvents = YES;
				INFOPLIST_KEY_UILaunchScreen_Generation = YES;
				INFOPLIST_KEY_UISupportedInterfaceOrientations_iPad = "UIInterfaceOrientationPortrait UIInterfaceOrientationPortraitUpsideDown UIInterfaceOrientationLandscapeLeft UIInterfaceOrientationLandscapeRight";
				INFOPLIST_KEY_UISupportedInterfaceOrientations_iPhone = "UIInterfaceOrientationPortrait UIInterfaceOrientationLandscapeLeft UIInterfaceOrientationLandscapeRight";
				LD_RUNPATH_SEARCH_PATHS = (
					"$(inherited)",
					"@executable_path/Frameworks",
				);
				MARKETING_VERSION = 1.0;
				PRODUCT_BUNDLE_IDENTIFIER = com.worldpay.Landmarks;
				PRODUCT_NAME = "$(TARGET_NAME)";
				SWIFT_EMIT_LOC_STRINGS = YES;
				SWIFT_VERSION = 5.0;
				TARGETED_DEVICE_FAMILY = "1,2";
			};
			name = Release;
		};
/* End XCBuildConfiguration section */

/* Begin XCConfigurationList section */
		02AE439E28251172000C3B5B /* Build configuration list for PBXProject "Landmarks" */ = {
			isa = XCConfigurationList;
			buildConfigurations = (
				02AE43AF28251174000C3B5B /* Debug */,
				02AE43B028251174000C3B5B /* Release */,
			);
			defaultConfigurationIsVisible = 0;
			defaultConfigurationName = Release;
		};
		02AE43B128251174000C3B5B /* Build configuration list for PBXNativeTarget "Landmarks" */ = {
			isa = XCConfigurationList;
			buildConfigurations = (
				02AE43B228251174000C3B5B /* Debug */,
				02AE43B328251174000C3B5B /* Release */,
			);
			defaultConfigurationIsVisible = 0;
			defaultConfigurationName = Release;
		};
/* End XCConfigurationList section */
	};
	rootObject = 02AE439B28251172000C3B5B /* Project object */;
}
